
Microsoft Visual Studio Solution File, Format Version 12.00
# Visual Studio Version 17
VisualStudioVersion = 17.14.36623.8
MinimumVisualStudioVersion = 10.0.40219.1
Project("{2150E333-8FDC-42A3-9474-1A3956D46DE8}") = "src", "src", "{02EA681E-C7D8-13C7-8484-4AC65E1B71E8}"
EndProject
Project("{2150E333-8FDC-42A3-9474-1A3956D46DE8}") = "Services", "Services", "{7AB782DF-9913-4BCA-8B63-077D6BFD49FE}"
EndProject
Project("{2150E333-8FDC-42A3-9474-1A3956D46DE8}") = "Review", "Review", "{DD9E08C5-D08A-4966-868F-FC6F2E0EE552}"
EndProject
Project("{FAE04EC0-301F-11D3-BF4B-00C04F79EFBC}") = "Review.Api", "Review.Api\Review.Api.csproj", "{9881CA56-B5AB-47D5-8002-1DF535BE3BAD}"
	ProjectSection(ProjectDependencies) = postProject
		{C10AB445-BE4C-46B3-B250-E73BE1CD5302} = {C10AB445-BE4C-46B3-B250-E73BE1CD5302}
	EndProjectSection
EndProject
Project("{FAE04EC0-301F-11D3-BF4B-00C04F79EFBC}") = "Review.Application", "Review.Application\Review.Application.csproj", "{3B84F850-9F3D-446C-9E16-0C5A523863BC}"
EndProject
Project("{FAE04EC0-301F-11D3-BF4B-00C04F79EFBC}") = "Review.Domain", "Review.Domain\Review.Domain.csproj", "{4D245A26-C896-4BAE-AD96-90193C7C97A9}"
EndProject
Project("{FAE04EC0-301F-11D3-BF4B-00C04F79EFBC}") = "Review.Infrastructure", "Review.Infrastructure\Review.Infrastructure.csproj", "{C10AB445-BE4C-46B3-B250-E73BE1CD5302}"
EndProject
Project("{FAE04EC0-301F-11D3-BF4B-00C04F79EFBC}") = "Jarvis.Web", "..\Jarvis.Web\Jarvis.Web.csproj", "{8159E5DD-D9D8-9099-2CDC-E70DA126289E}"
EndProject
Project("{FAE04EC0-301F-11D3-BF4B-00C04F79EFBC}") = "Identity.Api", "Identity.Api\Identity.Api.csproj", "{95C4D32F-26DA-4DC4-91BF-5844B1109B29}"
EndProject
Project("{2150E333-8FDC-42A3-9474-1A3956D46DE8}") = "UI", "UI", "{E0A38C7B-937A-44C5-BBA1-ECC47DE7F76D}"
EndProject
Project("{2150E333-8FDC-42A3-9474-1A3956D46DE8}") = "Submission", "Submission", "{77CE51EE-F428-43F9-B210-83A09C2F08C7}"
EndProject
Project("{FAE04EC0-301F-11D3-BF4B-00C04F79EFBC}") = "Submission.Domain", "Submission.Domain\Submission.Domain.csproj", "{EC063485-F824-4DD9-91A3-C9C526E4BF70}"
EndProject
Project("{FAE04EC0-301F-11D3-BF4B-00C04F79EFBC}") = "Submission.Application", "Submission.Application\Submission.Application.csproj", "{8244FA60-F3E7-4241-B1F2-710E2A35F22F}"
EndProject
Project("{FAE04EC0-301F-11D3-BF4B-00C04F79EFBC}") = "Submission.Infrastructure", "Submission.Infrastructure\Submission.Infrastructure.csproj", "{06F7E79A-C974-4B5B-A243-D4C264CBABF5}"
EndProject
Project("{FAE04EC0-301F-11D3-BF4B-00C04F79EFBC}") = "Submission.Api", "Submission.Api\Submission.Api.csproj", "{94993930-948E-46C3-9256-FF1D17A3BD87}"
EndProject
Project("{FAE04EC0-301F-11D3-BF4B-00C04F79EFBC}") = "Venue.Api", "Venue.Api\Venue.Api.csproj", "{1DFC48CB-BB6E-4560-BAE8-1BF4A3AC730A}"
EndProject
Project("{2150E333-8FDC-42A3-9474-1A3956D46DE8}") = "Venue", "Venue", "{C97E29C3-F58E-4ED8-97DD-76F02CBD9474}"
EndProject
Project("{FAE04EC0-301F-11D3-BF4B-00C04F79EFBC}") = "Venue.Domain", "Venue.Domain\Venue.Domain.csproj", "{7141EBE2-1C27-435E-8E3C-2A457F3E4D7D}"
EndProject
Project("{FAE04EC0-301F-11D3-BF4B-00C04F79EFBC}") = "Venue.Application", "Venue.Application\Venue.Application.csproj", "{A1FB6AB8-FB62-4B19-95F8-34F45FB7119C}"
EndProject
Project("{FAE04EC0-301F-11D3-BF4B-00C04F79EFBC}") = "Venue.Infrastructure", "Venue.Infrastructure\Venue.Infrastructure.csproj", "{17E46421-2431-4C4F-B6B5-1AE38E9CB7C7}"
EndProject
Global
	GlobalSection(SolutionConfigurationPlatforms) = preSolution
		Debug|Any CPU = Debug|Any CPU
		Release|Any CPU = Release|Any CPU
	EndGlobalSection
	GlobalSection(ProjectConfigurationPlatforms) = postSolution
		{9881CA56-B5AB-47D5-8002-1DF535BE3BAD}.Debug|Any CPU.ActiveCfg = Debug|Any CPU
		{9881CA56-B5AB-47D5-8002-1DF535BE3BAD}.Debug|Any CPU.Build.0 = Debug|Any CPU
		{9881CA56-B5AB-47D5-8002-1DF535BE3BAD}.Release|Any CPU.ActiveCfg = Release|Any CPU
		{9881CA56-B5AB-47D5-8002-1DF535BE3BAD}.Release|Any CPU.Build.0 = Release|Any CPU
		{3B84F850-9F3D-446C-9E16-0C5A523863BC}.Debug|Any CPU.ActiveCfg = Debug|Any CPU
		{3B84F850-9F3D-446C-9E16-0C5A523863BC}.Debug|Any CPU.Build.0 = Debug|Any CPU
		{3B84F850-9F3D-446C-9E16-0C5A523863BC}.Release|Any CPU.ActiveCfg = Release|Any CPU
		{3B84F850-9F3D-446C-9E16-0C5A523863BC}.Release|Any CPU.Build.0 = Release|Any CPU
		{4D245A26-C896-4BAE-AD96-90193C7C97A9}.Debug|Any CPU.ActiveCfg = Debug|Any CPU
		{4D245A26-C896-4BAE-AD96-90193C7C97A9}.Debug|Any CPU.Build.0 = Debug|Any CPU
		{4D245A26-C896-4BAE-AD96-90193C7C97A9}.Release|Any CPU.ActiveCfg = Release|Any CPU
		{4D245A26-C896-4BAE-AD96-90193C7C97A9}.Release|Any CPU.Build.0 = Release|Any CPU
		{C10AB445-BE4C-46B3-B250-E73BE1CD5302}.Debug|Any CPU.ActiveCfg = Debug|Any CPU
		{C10AB445-BE4C-46B3-B250-E73BE1CD5302}.Debug|Any CPU.Build.0 = Debug|Any CPU
		{C10AB445-BE4C-46B3-B250-E73BE1CD5302}.Release|Any CPU.ActiveCfg = Release|Any CPU
		{C10AB445-BE4C-46B3-B250-E73BE1CD5302}.Release|Any CPU.Build.0 = Release|Any CPU
		{8159E5DD-D9D8-9099-2CDC-E70DA126289E}.Debug|Any CPU.ActiveCfg = Debug|Any CPU
		{8159E5DD-D9D8-9099-2CDC-E70DA126289E}.Debug|Any CPU.Build.0 = Debug|Any CPU
		{8159E5DD-D9D8-9099-2CDC-E70DA126289E}.Release|Any CPU.ActiveCfg = Release|Any CPU
		{8159E5DD-D9D8-9099-2CDC-E70DA126289E}.Release|Any CPU.Build.0 = Release|Any CPU
		{95C4D32F-26DA-4DC4-91BF-5844B1109B29}.Debug|Any CPU.ActiveCfg = Debug|Any CPU
		{95C4D32F-26DA-4DC4-91BF-5844B1109B29}.Debug|Any CPU.Build.0 = Debug|Any CPU
		{95C4D32F-26DA-4DC4-91BF-5844B1109B29}.Release|Any CPU.ActiveCfg = Release|Any CPU
		{95C4D32F-26DA-4DC4-91BF-5844B1109B29}.Release|Any CPU.Build.0 = Release|Any CPU
		{EC063485-F824-4DD9-91A3-C9C526E4BF70}.Debug|Any CPU.ActiveCfg = Debug|Any CPU
		{EC063485-F824-4DD9-91A3-C9C526E4BF70}.Debug|Any CPU.Build.0 = Debug|Any CPU
		{EC063485-F824-4DD9-91A3-C9C526E4BF70}.Release|Any CPU.ActiveCfg = Release|Any CPU
		{EC063485-F824-4DD9-91A3-C9C526E4BF70}.Release|Any CPU.Build.0 = Release|Any CPU
		{8244FA60-F3E7-4241-B1F2-710E2A35F22F}.Debug|Any CPU.ActiveCfg = Debug|Any CPU
		{8244FA60-F3E7-4241-B1F2-710E2A35F22F}.Debug|Any CPU.Build.0 = Debug|Any CPU
		{8244FA60-F3E7-4241-B1F2-710E2A35F22F}.Release|Any CPU.ActiveCfg = Release|Any CPU
		{8244FA60-F3E7-4241-B1F2-710E2A35F22F}.Release|Any CPU.Build.0 = Release|Any CPU
		{06F7E79A-C974-4B5B-A243-D4C264CBABF5}.Debug|Any CPU.ActiveCfg = Debug|Any CPU
		{06F7E79A-C974-4B5B-A243-D4C264CBABF5}.Debug|Any CPU.Build.0 = Debug|Any CPU
		{06F7E79A-C974-4B5B-A243-D4C264CBABF5}.Release|Any CPU.ActiveCfg = Release|Any CPU
		{06F7E79A-C974-4B5B-A243-D4C264CBABF5}.Release|Any CPU.Build.0 = Release|Any CPU
		{94993930-948E-46C3-9256-FF1D17A3BD87}.Debug|Any CPU.ActiveCfg = Debug|Any CPU
		{94993930-948E-46C3-9256-FF1D17A3BD87}.Debug|Any CPU.Build.0 = Debug|Any CPU
		{94993930-948E-46C3-9256-FF1D17A3BD87}.Release|Any CPU.ActiveCfg = Release|Any CPU
		{94993930-948E-46C3-9256-FF1D17A3BD87}.Release|Any CPU.Build.0 = Release|Any CPU
		{1DFC48CB-BB6E-4560-BAE8-1BF4A3AC730A}.Debug|Any CPU.ActiveCfg = Debug|Any CPU
		{1DFC48CB-BB6E-4560-BAE8-1BF4A3AC730A}.Debug|Any CPU.Build.0 = Debug|Any CPU
		{1DFC48CB-BB6E-4560-BAE8-1BF4A3AC730A}.Release|Any CPU.ActiveCfg = Release|Any CPU
		{1DFC48CB-BB6E-4560-BAE8-1BF4A3AC730A}.Release|Any CPU.Build.0 = Release|Any CPU
		{7141EBE2-1C27-435E-8E3C-2A457F3E4D7D}.Debug|Any CPU.ActiveCfg = Debug|Any CPU
		{7141EBE2-1C27-435E-8E3C-2A457F3E4D7D}.Debug|Any CPU.Build.0 = Debug|Any CPU
		{7141EBE2-1C27-435E-8E3C-2A457F3E4D7D}.Release|Any CPU.ActiveCfg = Release|Any CPU
		{7141EBE2-1C27-435E-8E3C-2A457F3E4D7D}.Release|Any CPU.Build.0 = Release|Any CPU
		{A1FB6AB8-FB62-4B19-95F8-34F45FB7119C}.Debug|Any CPU.ActiveCfg = Debug|Any CPU
		{A1FB6AB8-FB62-4B19-95F8-34F45FB7119C}.Debug|Any CPU.Build.0 = Debug|Any CPU
		{A1FB6AB8-FB62-4B19-95F8-34F45FB7119C}.Release|Any CPU.ActiveCfg = Release|Any CPU
		{A1FB6AB8-FB62-4B19-95F8-34F45FB7119C}.Release|Any CPU.Build.0 = Release|Any CPU
		{17E46421-2431-4C4F-B6B5-1AE38E9CB7C7}.Debug|Any CPU.ActiveCfg = Debug|Any CPU
		{17E46421-2431-4C4F-B6B5-1AE38E9CB7C7}.Debug|Any CPU.Build.0 = Debug|Any CPU
		{17E46421-2431-4C4F-B6B5-1AE38E9CB7C7}.Release|Any CPU.ActiveCfg = Release|Any CPU
		{17E46421-2431-4C4F-B6B5-1AE38E9CB7C7}.Release|Any CPU.Build.0 = Release|Any CPU
	EndGlobalSection
	GlobalSection(SolutionProperties) = preSolution
		HideSolutionNode = FALSE
	EndGlobalSection
	GlobalSection(NestedProjects) = preSolution
		{7AB782DF-9913-4BCA-8B63-077D6BFD49FE} = {02EA681E-C7D8-13C7-8484-4AC65E1B71E8}
		{DD9E08C5-D08A-4966-868F-FC6F2E0EE552} = {7AB782DF-9913-4BCA-8B63-077D6BFD49FE}
		{9881CA56-B5AB-47D5-8002-1DF535BE3BAD} = {DD9E08C5-D08A-4966-868F-FC6F2E0EE552}
		{3B84F850-9F3D-446C-9E16-0C5A523863BC} = {DD9E08C5-D08A-4966-868F-FC6F2E0EE552}
		{4D245A26-C896-4BAE-AD96-90193C7C97A9} = {DD9E08C5-D08A-4966-868F-FC6F2E0EE552}
		{C10AB445-BE4C-46B3-B250-E73BE1CD5302} = {DD9E08C5-D08A-4966-868F-FC6F2E0EE552}
		{8159E5DD-D9D8-9099-2CDC-E70DA126289E} = {E0A38C7B-937A-44C5-BBA1-ECC47DE7F76D}
		{95C4D32F-26DA-4DC4-91BF-5844B1109B29} = {7AB782DF-9913-4BCA-8B63-077D6BFD49FE}
		{E0A38C7B-937A-44C5-BBA1-ECC47DE7F76D} = {02EA681E-C7D8-13C7-8484-4AC65E1B71E8}
		{77CE51EE-F428-43F9-B210-83A09C2F08C7} = {7AB782DF-9913-4BCA-8B63-077D6BFD49FE}
		{EC063485-F824-4DD9-91A3-C9C526E4BF70} = {77CE51EE-F428-43F9-B210-83A09C2F08C7}
		{8244FA60-F3E7-4241-B1F2-710E2A35F22F} = {77CE51EE-F428-43F9-B210-83A09C2F08C7}
		{06F7E79A-C974-4B5B-A243-D4C264CBABF5} = {77CE51EE-F428-43F9-B210-83A09C2F08C7}
		{94993930-948E-46C3-9256-FF1D17A3BD87} = {77CE51EE-F428-43F9-B210-83A09C2F08C7}
		{1DFC48CB-BB6E-4560-BAE8-1BF4A3AC730A} = {C97E29C3-F58E-4ED8-97DD-76F02CBD9474}
		{C97E29C3-F58E-4ED8-97DD-76F02CBD9474} = {7AB782DF-9913-4BCA-8B63-077D6BFD49FE}
		{7141EBE2-1C27-435E-8E3C-2A457F3E4D7D} = {C97E29C3-F58E-4ED8-97DD-76F02CBD9474}
		{A1FB6AB8-FB62-4B19-95F8-34F45FB7119C} = {C97E29C3-F58E-4ED8-97DD-76F02CBD9474}
		{17E46421-2431-4C4F-B6B5-1AE38E9CB7C7} = {C97E29C3-F58E-4ED8-97DD-76F02CBD9474}
	EndGlobalSection
	GlobalSection(ExtensibilityGlobals) = postSolution
		SolutionGuid = {61F90802-B070-447E-B062-4D2E9FDD829C}
	EndGlobalSection
EndGlobal
